
Microsoft Visual Studio Solution File, Format Version 12.00
# Visual Studio Version 16
VisualStudioVersion = 16.0.31729.503
MinimumVisualStudioVersion = 10.0.40219.1
Project("{FAE04EC0-301F-11D3-BF4B-00C04F79EFBC}") = "FormsToKeyboard", "FormsToKeyboard\FormsToKeyboard.csproj", "{1735B9EA-35E4-45BB-B45C-EF76AA1153D2}"
EndProject
Global
	GlobalSection(SolutionConfigurationPlatforms) = preSolution
		Debug|Any CPU = Debug|Any CPU
		Release|Any CPU = Release|Any CPU
	EndGlobalSection
	GlobalSection(ProjectConfigurationPlatforms) = postSolution
		{1735B9EA-35E4-45BB-B45C-EF76AA1153D2}.Debug|Any CPU.ActiveCfg = Debug|Any CPU
		{1735B9EA-35E4-45BB-B45C-EF76AA1153D2}.Debug|Any CPU.Build.0 = Debug|Any CPU
		{1735B9EA-35E4-45BB-B45C-EF76AA1153D2}.Release|Any CPU.ActiveCfg = Release|Any CPU
		{1735B9EA-35E4-45BB-B45C-EF76AA1153D2}.Release|Any CPU.Build.0 = Release|Any CPU
	EndGlobalSection
	GlobalSection(SolutionProperties) = preSolution
		HideSolutionNode = FALSE
	EndGlobalSection
	GlobalSection(ExtensibilityGlobals) = postSolution
		SolutionGuid = {474D3EF5-3C89-454D-970F-45AD8D02C2B4}
	EndGlobalSection
EndGlobal
